
Microsoft Visual Studio Solution File, Format Version 12.00
# Visual Studio 15
VisualStudioVersion = 15.0.28307.489
MinimumVisualStudioVersion = 10.0.40219.1
Project("{FAE04EC0-301F-11D3-BF4B-00C04F79EFBC}") = "Forms", "Forms\Forms\Forms.csproj", "{9E71D54F-1099-44F7-9E58-F079808E512D}"
EndProject
Project("{FAE04EC0-301F-11D3-BF4B-00C04F79EFBC}") = "Forms.Android", "Forms\Forms.Android\Forms.Android.csproj", "{F14ED7F9-D8C3-4885-BBCF-A1FD9CDB31EE}"
EndProject
Global
	GlobalSection(SolutionConfigurationPlatforms) = preSolution
		Debug|Any CPU = Debug|Any CPU
		Release|Any CPU = Release|Any CPU
	EndGlobalSection
	GlobalSection(ProjectConfigurationPlatforms) = postSolution
		{9E71D54F-1099-44F7-9E58-F079808E512D}.Debug|Any CPU.ActiveCfg = Debug|Any CPU
		{9E71D54F-1099-44F7-9E58-F079808E512D}.Debug|Any CPU.Build.0 = Debug|Any CPU
		{9E71D54F-1099-44F7-9E58-F079808E512D}.Release|Any CPU.ActiveCfg = Release|Any CPU
		{9E71D54F-1099-44F7-9E58-F079808E512D}.Release|Any CPU.Build.0 = Release|Any CPU
		{F14ED7F9-D8C3-4885-BBCF-A1FD9CDB31EE}.Debug|Any CPU.ActiveCfg = Debug|Any CPU
		{F14ED7F9-D8C3-4885-BBCF-A1FD9CDB31EE}.Debug|Any CPU.Build.0 = Debug|Any CPU
		{F14ED7F9-D8C3-4885-BBCF-A1FD9CDB31EE}.Debug|Any CPU.Deploy.0 = Debug|Any CPU
		{F14ED7F9-D8C3-4885-BBCF-A1FD9CDB31EE}.Release|Any CPU.ActiveCfg = Release|Any CPU
		{F14ED7F9-D8C3-4885-BBCF-A1FD9CDB31EE}.Release|Any CPU.Build.0 = Release|Any CPU
		{F14ED7F9-D8C3-4885-BBCF-A1FD9CDB31EE}.Release|Any CPU.Deploy.0 = Release|Any CPU
	EndGlobalSection
	GlobalSection(SolutionProperties) = preSolution
		HideSolutionNode = FALSE
	EndGlobalSection
	GlobalSection(ExtensibilityGlobals) = postSolution
		SolutionGuid = {C6928421-D471-49A2-9B6A-4DD6BABDA805}
	EndGlobalSection
EndGlobal
